// !$*UTF8*$!
{
	archiveVersion = 1;
	classes = {
	};
	objectVersion = 56;
	objects = {

/* Begin PBXBuildFile section */
		016B9C482C16EBBD009D2996 /* AppDelegate.swift in Sources */ = {isa = PBXBuildFile; fileRef = 016B9C472C16EBBD009D2996 /* AppDelegate.swift */; };
		016B9C4A2C16EBBD009D2996 /* SceneDelegate.swift in Sources */ = {isa = PBXBuildFile; fileRef = 016B9C492C16EBBD009D2996 /* SceneDelegate.swift */; };
		016B9C4C2C16EBBD009D2996 /* MediaViewController.swift in Sources */ = {isa = PBXBuildFile; fileRef = 016B9C4B2C16EBBD009D2996 /* MediaViewController.swift */; };
		016B9C512C16EBBF009D2996 /* Assets.xcassets in Resources */ = {isa = PBXBuildFile; fileRef = 016B9C502C16EBBF009D2996 /* Assets.xcassets */; };
		016B9C542C16EBBF009D2996 /* Base in Resources */ = {isa = PBXBuildFile; fileRef = 016B9C532C16EBBF009D2996 /* Base */; };
		016B9C5D2C16F000009D2996 /* SnapKit in Frameworks */ = {isa = PBXBuildFile; productRef = 016B9C5C2C16F000009D2996 /* SnapKit */; };
		016B9C602C16F00B009D2996 /* Alamofire in Frameworks */ = {isa = PBXBuildFile; productRef = 016B9C5F2C16F00B009D2996 /* Alamofire */; };
		016B9C622C17279D009D2996 /* MediaTableViewCell.swift in Sources */ = {isa = PBXBuildFile; fileRef = 016B9C612C17279D009D2996 /* MediaTableViewCell.swift */; };
		016B9C652C1727BD009D2996 /* SDWebImage in Frameworks */ = {isa = PBXBuildFile; productRef = 016B9C642C1727BD009D2996 /* SDWebImage */; };
		016B9C672C1727D1009D2996 /* Media.swift in Sources */ = {isa = PBXBuildFile; fileRef = 016B9C662C1727D1009D2996 /* Media.swift */; };
		016B9C742C18398F009D2996 /* .gitignore in Resources */ = {isa = PBXBuildFile; fileRef = 016B9C732C18398F009D2996 /* .gitignore */; };
		016B9C762C18399C009D2996 /* APIKey.swift in Sources */ = {isa = PBXBuildFile; fileRef = 016B9C752C18399C009D2996 /* APIKey.swift */; };
		016B9C782C1843A0009D2996 /* MovieSearchViewController.swift in Sources */ = {isa = PBXBuildFile; fileRef = 016B9C772C1843A0009D2996 /* MovieSearchViewController.swift */; };
		016B9C7A2C184914009D2996 /* MovieSearchCollectionViewCell.swift in Sources */ = {isa = PBXBuildFile; fileRef = 016B9C792C184914009D2996 /* MovieSearchCollectionViewCell.swift */; };
		016B9C7C2C1867FD009D2996 /* Movie.swift in Sources */ = {isa = PBXBuildFile; fileRef = 016B9C7B2C1867FD009D2996 /* Movie.swift */; };
		016B9C7F2C186A1A009D2996 /* Kingfisher in Frameworks */ = {isa = PBXBuildFile; productRef = 016B9C7E2C186A1A009D2996 /* Kingfisher */; };
		016B9C8C2C1995B9009D2996 /* MediaDetailViewController.swift in Sources */ = {isa = PBXBuildFile; fileRef = 016B9C8B2C1995B9009D2996 /* MediaDetailViewController.swift */; };
		01C361FA2C294DDB00D8ED61 /* TabBarViewController.swift in Sources */ = {isa = PBXBuildFile; fileRef = 01C361F92C294DDB00D8ED61 /* TabBarViewController.swift */; };
		01C361FC2C294E3400D8ED61 /* RecommendMovieViewController.swift in Sources */ = {isa = PBXBuildFile; fileRef = 01C361FB2C294E3400D8ED61 /* RecommendMovieViewController.swift */; };
		01C362072C29863500D8ED61 /* MoreMovieViewController.swift in Sources */ = {isa = PBXBuildFile; fileRef = 01C362062C29863500D8ED61 /* MoreMovieViewController.swift */; };
		01C362302C2AA9A700D8ED61 /* TMDBAPI.swift in Sources */ = {isa = PBXBuildFile; fileRef = 01C3622F2C2AA9A700D8ED61 /* TMDBAPI.swift */; };
		01C362372C2AADA100D8ED61 /* BaseView.swift in Sources */ = {isa = PBXBuildFile; fileRef = 01C362362C2AADA100D8ED61 /* BaseView.swift */; };
		01C362392C2AADBF00D8ED61 /* BaseViewController.swift in Sources */ = {isa = PBXBuildFile; fileRef = 01C362382C2AADBF00D8ED61 /* BaseViewController.swift */; };
		01C3623B2C2AADE500D8ED61 /* BaseTableViewCell.swift in Sources */ = {isa = PBXBuildFile; fileRef = 01C3623A2C2AADE500D8ED61 /* BaseTableViewCell.swift */; };
		01C3623E2C2AAE6400D8ED61 /* PosterTableViewCell.swift in Sources */ = {isa = PBXBuildFile; fileRef = 01C3623D2C2AAE6400D8ED61 /* PosterTableViewCell.swift */; };
		01C362402C2AAE9200D8ED61 /* PosterCollectionViewCell.swift in Sources */ = {isa = PBXBuildFile; fileRef = 01C3623F2C2AAE9200D8ED61 /* PosterCollectionViewCell.swift */; };
		01C362422C2AF34000D8ED61 /* Poster.swift in Sources */ = {isa = PBXBuildFile; fileRef = 01C362412C2AF34000D8ED61 /* Poster.swift */; };
		01C362562C2C067000D8ED61 /* TMDBRequest.swift in Sources */ = {isa = PBXBuildFile; fileRef = 01C362552C2C067000D8ED61 /* TMDBRequest.swift */; };
		01C362612C2D555400D8ED61 /* BaseCollectionViewCell.swift in Sources */ = {isa = PBXBuildFile; fileRef = 01C362602C2D555400D8ED61 /* BaseCollectionViewCell.swift */; };
/* End PBXBuildFile section */

/* Begin PBXFileReference section */
		016B9C442C16EBBD009D2996 /* MediaProject.app */ = {isa = PBXFileReference; explicitFileType = wrapper.application; includeInIndex = 0; path = MediaProject.app; sourceTree = BUILT_PRODUCTS_DIR; };
		016B9C472C16EBBD009D2996 /* AppDelegate.swift */ = {isa = PBXFileReference; lastKnownFileType = sourcecode.swift; path = AppDelegate.swift; sourceTree = "<group>"; };
		016B9C492C16EBBD009D2996 /* SceneDelegate.swift */ = {isa = PBXFileReference; lastKnownFileType = sourcecode.swift; path = SceneDelegate.swift; sourceTree = "<group>"; };
		016B9C4B2C16EBBD009D2996 /* MediaViewController.swift */ = {isa = PBXFileReference; lastKnownFileType = sourcecode.swift; path = MediaViewController.swift; sourceTree = "<group>"; };
		016B9C502C16EBBF009D2996 /* Assets.xcassets */ = {isa = PBXFileReference; lastKnownFileType = folder.assetcatalog; path = Assets.xcassets; sourceTree = "<group>"; };
		016B9C532C16EBBF009D2996 /* Base */ = {isa = PBXFileReference; lastKnownFileType = file.storyboard; name = Base; path = Base.lproj/LaunchScreen.storyboard; sourceTree = "<group>"; };
		016B9C552C16EBBF009D2996 /* Info.plist */ = {isa = PBXFileReference; lastKnownFileType = text.plist.xml; path = Info.plist; sourceTree = "<group>"; };
		016B9C612C17279D009D2996 /* MediaTableViewCell.swift */ = {isa = PBXFileReference; lastKnownFileType = sourcecode.swift; path = MediaTableViewCell.swift; sourceTree = "<group>"; };
		016B9C662C1727D1009D2996 /* Media.swift */ = {isa = PBXFileReference; lastKnownFileType = sourcecode.swift; path = Media.swift; sourceTree = "<group>"; };
		016B9C732C18398F009D2996 /* .gitignore */ = {isa = PBXFileReference; lastKnownFileType = text; path = .gitignore; sourceTree = "<group>"; };
		016B9C752C18399C009D2996 /* APIKey.swift */ = {isa = PBXFileReference; lastKnownFileType = sourcecode.swift; path = APIKey.swift; sourceTree = "<group>"; };
		016B9C772C1843A0009D2996 /* MovieSearchViewController.swift */ = {isa = PBXFileReference; lastKnownFileType = sourcecode.swift; path = MovieSearchViewController.swift; sourceTree = "<group>"; };
		016B9C792C184914009D2996 /* MovieSearchCollectionViewCell.swift */ = {isa = PBXFileReference; lastKnownFileType = sourcecode.swift; path = MovieSearchCollectionViewCell.swift; sourceTree = "<group>"; };
		016B9C7B2C1867FD009D2996 /* Movie.swift */ = {isa = PBXFileReference; lastKnownFileType = sourcecode.swift; path = Movie.swift; sourceTree = "<group>"; };
		016B9C8B2C1995B9009D2996 /* MediaDetailViewController.swift */ = {isa = PBXFileReference; lastKnownFileType = sourcecode.swift; path = MediaDetailViewController.swift; sourceTree = "<group>"; };
		01C361F92C294DDB00D8ED61 /* TabBarViewController.swift */ = {isa = PBXFileReference; lastKnownFileType = sourcecode.swift; path = TabBarViewController.swift; sourceTree = "<group>"; };
		01C361FB2C294E3400D8ED61 /* RecommendMovieViewController.swift */ = {isa = PBXFileReference; lastKnownFileType = sourcecode.swift; path = RecommendMovieViewController.swift; sourceTree = "<group>"; };
		01C362062C29863500D8ED61 /* MoreMovieViewController.swift */ = {isa = PBXFileReference; lastKnownFileType = sourcecode.swift; path = MoreMovieViewController.swift; sourceTree = "<group>"; };
		01C3622F2C2AA9A700D8ED61 /* TMDBAPI.swift */ = {isa = PBXFileReference; lastKnownFileType = sourcecode.swift; path = TMDBAPI.swift; sourceTree = "<group>"; };
		01C362362C2AADA100D8ED61 /* BaseView.swift */ = {isa = PBXFileReference; lastKnownFileType = sourcecode.swift; path = BaseView.swift; sourceTree = "<group>"; };
		01C362382C2AADBF00D8ED61 /* BaseViewController.swift */ = {isa = PBXFileReference; lastKnownFileType = sourcecode.swift; path = BaseViewController.swift; sourceTree = "<group>"; };
		01C3623A2C2AADE500D8ED61 /* BaseTableViewCell.swift */ = {isa = PBXFileReference; lastKnownFileType = sourcecode.swift; path = BaseTableViewCell.swift; sourceTree = "<group>"; };
		01C3623D2C2AAE6400D8ED61 /* PosterTableViewCell.swift */ = {isa = PBXFileReference; lastKnownFileType = sourcecode.swift; path = PosterTableViewCell.swift; sourceTree = "<group>"; };
		01C3623F2C2AAE9200D8ED61 /* PosterCollectionViewCell.swift */ = {isa = PBXFileReference; lastKnownFileType = sourcecode.swift; path = PosterCollectionViewCell.swift; sourceTree = "<group>"; };
		01C362412C2AF34000D8ED61 /* Poster.swift */ = {isa = PBXFileReference; lastKnownFileType = sourcecode.swift; path = Poster.swift; sourceTree = "<group>"; };
		01C362552C2C067000D8ED61 /* TMDBRequest.swift */ = {isa = PBXFileReference; lastKnownFileType = sourcecode.swift; path = TMDBRequest.swift; sourceTree = "<group>"; };
		01C362602C2D555400D8ED61 /* BaseCollectionViewCell.swift */ = {isa = PBXFileReference; lastKnownFileType = sourcecode.swift; path = BaseCollectionViewCell.swift; sourceTree = "<group>"; };
/* End PBXFileReference section */

/* Begin PBXFrameworksBuildPhase section */
		016B9C412C16EBBD009D2996 /* Frameworks */ = {
			isa = PBXFrameworksBuildPhase;
			buildActionMask = 2147483647;
			files = (
				016B9C7F2C186A1A009D2996 /* Kingfisher in Frameworks */,
				016B9C652C1727BD009D2996 /* SDWebImage in Frameworks */,
				016B9C5D2C16F000009D2996 /* SnapKit in Frameworks */,
				016B9C602C16F00B009D2996 /* Alamofire in Frameworks */,
			);
			runOnlyForDeploymentPostprocessing = 0;
		};
/* End PBXFrameworksBuildPhase section */

/* Begin PBXGroup section */
		016B9C3B2C16EBBD009D2996 = {
			isa = PBXGroup;
			children = (
				016B9C732C18398F009D2996 /* .gitignore */,
				016B9C462C16EBBD009D2996 /* MediaProject */,
				016B9C452C16EBBD009D2996 /* Products */,
			);
			sourceTree = "<group>";
		};
		016B9C452C16EBBD009D2996 /* Products */ = {
			isa = PBXGroup;
			children = (
				016B9C442C16EBBD009D2996 /* MediaProject.app */,
			);
			name = Products;
			sourceTree = "<group>";
		};
		016B9C462C16EBBD009D2996 /* MediaProject */ = {
			isa = PBXGroup;
			children = (
				01C362332C2AAD8300D8ED61 /* Global */,
				01C3622E2C2AA98900D8ED61 /* Network */,
				01C361FF2C29501500D8ED61 /* Application */,
				01C361FD2C294FD100D8ED61 /* Presentation */,
				016B9C752C18399C009D2996 /* APIKey.swift */,
				016B9C502C16EBBF009D2996 /* Assets.xcassets */,
				016B9C522C16EBBF009D2996 /* LaunchScreen.storyboard */,
				016B9C552C16EBBF009D2996 /* Info.plist */,
			);
			path = MediaProject;
			sourceTree = "<group>";
		};
		01C361FD2C294FD100D8ED61 /* Presentation */ = {
			isa = PBXGroup;
			children = (
				01C3623C2C2AAE1500D8ED61 /* TabBar */,
				01C362042C29509300D8ED61 /* RecommendMovie */,
				01C362002C29503100D8ED61 /* Home */,
			);
			path = Presentation;
			sourceTree = "<group>";
		};
		01C361FE2C294FFA00D8ED61 /* Extension */ = {
			isa = PBXGroup;
			children = (
			);
			path = Extension;
			sourceTree = "<group>";
		};
		01C361FF2C29501500D8ED61 /* Application */ = {
			isa = PBXGroup;
			children = (
				016B9C472C16EBBD009D2996 /* AppDelegate.swift */,
				016B9C492C16EBBD009D2996 /* SceneDelegate.swift */,
			);
			path = Application;
			sourceTree = "<group>";
		};
		01C362002C29503100D8ED61 /* Home */ = {
			isa = PBXGroup;
			children = (
				01C362032C29508000D8ED61 /* Cell */,
				01C362022C29506B00D8ED61 /* Model */,
				01C362012C29505B00D8ED61 /* Controller */,
			);
			path = Home;
			sourceTree = "<group>";
		};
		01C362012C29505B00D8ED61 /* Controller */ = {
			isa = PBXGroup;
			children = (
				016B9C4B2C16EBBD009D2996 /* MediaViewController.swift */,
				016B9C8B2C1995B9009D2996 /* MediaDetailViewController.swift */,
				016B9C772C1843A0009D2996 /* MovieSearchViewController.swift */,
				01C362062C29863500D8ED61 /* MoreMovieViewController.swift */,
			);
			path = Controller;
			sourceTree = "<group>";
		};
		01C362022C29506B00D8ED61 /* Model */ = {
			isa = PBXGroup;
			children = (
				016B9C662C1727D1009D2996 /* Media.swift */,
				016B9C7B2C1867FD009D2996 /* Movie.swift */,
				01C362412C2AF34000D8ED61 /* Poster.swift */,
			);
			path = Model;
			sourceTree = "<group>";
		};
		01C362032C29508000D8ED61 /* Cell */ = {
			isa = PBXGroup;
			children = (
				016B9C612C17279D009D2996 /* MediaTableViewCell.swift */,
				016B9C792C184914009D2996 /* MovieSearchCollectionViewCell.swift */,
				01C3623D2C2AAE6400D8ED61 /* PosterTableViewCell.swift */,
				01C3623F2C2AAE9200D8ED61 /* PosterCollectionViewCell.swift */,
			);
			path = Cell;
			sourceTree = "<group>";
		};
		01C362042C29509300D8ED61 /* RecommendMovie */ = {
			isa = PBXGroup;
			children = (
				01C361FB2C294E3400D8ED61 /* RecommendMovieViewController.swift */,
			);
			path = RecommendMovie;
			sourceTree = "<group>";
		};
		01C3622E2C2AA98900D8ED61 /* Network */ = {
			isa = PBXGroup;
			children = (
				01C3622F2C2AA9A700D8ED61 /* TMDBAPI.swift */,
				01C362552C2C067000D8ED61 /* TMDBRequest.swift */,
			);
			path = Network;
			sourceTree = "<group>";
		};
		01C362332C2AAD8300D8ED61 /* Global */ = {
			isa = PBXGroup;
			children = (
				01C362342C2AAD8E00D8ED61 /* Base */,
				01C361FE2C294FFA00D8ED61 /* Extension */,
			);
			path = Global;
			sourceTree = "<group>";
		};
		01C362342C2AAD8E00D8ED61 /* Base */ = {
			isa = PBXGroup;
			children = (
				01C362362C2AADA100D8ED61 /* BaseView.swift */,
				01C362382C2AADBF00D8ED61 /* BaseViewController.swift */,
				01C3623A2C2AADE500D8ED61 /* BaseTableViewCell.swift */,
				01C362602C2D555400D8ED61 /* BaseCollectionViewCell.swift */,
			);
			path = Base;
			sourceTree = "<group>";
		};
		01C3623C2C2AAE1500D8ED61 /* TabBar */ = {
			isa = PBXGroup;
			children = (
				01C361F92C294DDB00D8ED61 /* TabBarViewController.swift */,
			);
			path = TabBar;
			sourceTree = "<group>";
		};
/* End PBXGroup section */

/* Begin PBXNativeTarget section */
		016B9C432C16EBBD009D2996 /* MediaProject */ = {
			isa = PBXNativeTarget;
			buildConfigurationList = 016B9C582C16EBBF009D2996 /* Build configuration list for PBXNativeTarget "MediaProject" */;
			buildPhases = (
				016B9C402C16EBBD009D2996 /* Sources */,
				016B9C412C16EBBD009D2996 /* Frameworks */,
				016B9C422C16EBBD009D2996 /* Resources */,
			);
			buildRules = (
			);
			dependencies = (
			);
			name = MediaProject;
			packageProductDependencies = (
				016B9C5C2C16F000009D2996 /* SnapKit */,
				016B9C5F2C16F00B009D2996 /* Alamofire */,
				016B9C642C1727BD009D2996 /* SDWebImage */,
				016B9C7E2C186A1A009D2996 /* Kingfisher */,
			);
			productName = MediaProject;
			productReference = 016B9C442C16EBBD009D2996 /* MediaProject.app */;
			productType = "com.apple.product-type.application";
		};
/* End PBXNativeTarget section */

/* Begin PBXProject section */
		016B9C3C2C16EBBD009D2996 /* Project object */ = {
			isa = PBXProject;
			attributes = {
				BuildIndependentTargetsInParallel = 1;
				LastSwiftUpdateCheck = 1530;
				LastUpgradeCheck = 1530;
				TargetAttributes = {
					016B9C432C16EBBD009D2996 = {
						CreatedOnToolsVersion = 15.3;
					};
				};
			};
			buildConfigurationList = 016B9C3F2C16EBBD009D2996 /* Build configuration list for PBXProject "MediaProject" */;
			compatibilityVersion = "Xcode 14.0";
			developmentRegion = en;
			hasScannedForEncodings = 0;
			knownRegions = (
				en,
				Base,
			);
			mainGroup = 016B9C3B2C16EBBD009D2996;
			packageReferences = (
				016B9C5B2C16F000009D2996 /* XCRemoteSwiftPackageReference "SnapKit" */,
				016B9C5E2C16F00B009D2996 /* XCRemoteSwiftPackageReference "Alamofire" */,
				016B9C632C1727BD009D2996 /* XCRemoteSwiftPackageReference "SdWebImage" */,
				016B9C7D2C186A1A009D2996 /* XCRemoteSwiftPackageReference "Kingfisher" */,
			);
			productRefGroup = 016B9C452C16EBBD009D2996 /* Products */;
			projectDirPath = "";
			projectRoot = "";
			targets = (
				016B9C432C16EBBD009D2996 /* MediaProject */,
			);
		};
/* End PBXProject section */

/* Begin PBXResourcesBuildPhase section */
		016B9C422C16EBBD009D2996 /* Resources */ = {
			isa = PBXResourcesBuildPhase;
			buildActionMask = 2147483647;
			files = (
				016B9C512C16EBBF009D2996 /* Assets.xcassets in Resources */,
				016B9C742C18398F009D2996 /* .gitignore in Resources */,
				016B9C542C16EBBF009D2996 /* Base in Resources */,
			);
			runOnlyForDeploymentPostprocessing = 0;
		};
/* End PBXResourcesBuildPhase section */

/* Begin PBXSourcesBuildPhase section */
		016B9C402C16EBBD009D2996 /* Sources */ = {
			isa = PBXSourcesBuildPhase;
			buildActionMask = 2147483647;
			files = (
				01C362422C2AF34000D8ED61 /* Poster.swift in Sources */,
				016B9C8C2C1995B9009D2996 /* MediaDetailViewController.swift in Sources */,
				016B9C4C2C16EBBD009D2996 /* MediaViewController.swift in Sources */,
				01C362392C2AADBF00D8ED61 /* BaseViewController.swift in Sources */,
				01C361FA2C294DDB00D8ED61 /* TabBarViewController.swift in Sources */,
				016B9C482C16EBBD009D2996 /* AppDelegate.swift in Sources */,
				01C362072C29863500D8ED61 /* MoreMovieViewController.swift in Sources */,
				01C3623B2C2AADE500D8ED61 /* BaseTableViewCell.swift in Sources */,
				016B9C7C2C1867FD009D2996 /* Movie.swift in Sources */,
				016B9C622C17279D009D2996 /* MediaTableViewCell.swift in Sources */,
				01C362402C2AAE9200D8ED61 /* PosterCollectionViewCell.swift in Sources */,
				01C362302C2AA9A700D8ED61 /* TMDBAPI.swift in Sources */,
				01C362612C2D555400D8ED61 /* BaseCollectionViewCell.swift in Sources */,
				016B9C7A2C184914009D2996 /* MovieSearchCollectionViewCell.swift in Sources */,
				01C361FC2C294E3400D8ED61 /* RecommendMovieViewController.swift in Sources */,
				016B9C4A2C16EBBD009D2996 /* SceneDelegate.swift in Sources */,
				016B9C762C18399C009D2996 /* APIKey.swift in Sources */,
				01C362372C2AADA100D8ED61 /* BaseView.swift in Sources */,
				01C3623E2C2AAE6400D8ED61 /* PosterTableViewCell.swift in Sources */,
				01C362562C2C067000D8ED61 /* TMDBRequest.swift in Sources */,
				016B9C782C1843A0009D2996 /* MovieSearchViewController.swift in Sources */,
				016B9C672C1727D1009D2996 /* Media.swift in Sources */,
			);
			runOnlyForDeploymentPostprocessing = 0;
		};
/* End PBXSourcesBuildPhase section */

/* Begin PBXVariantGroup section */
		016B9C522C16EBBF009D2996 /* LaunchScreen.storyboard */ = {
			isa = PBXVariantGroup;
			children = (
				016B9C532C16EBBF009D2996 /* Base */,
			);
			name = LaunchScreen.storyboard;
			sourceTree = "<group>";
		};
/* End PBXVariantGroup section */

/* Begin XCBuildConfiguration section */
		016B9C562C16EBBF009D2996 /* Debug */ = {
			isa = XCBuildConfiguration;
			buildSettings = {
				ALWAYS_SEARCH_USER_PATHS = NO;
				ASSETCATALOG_COMPILER_GENERATE_SWIFT_ASSET_SYMBOL_EXTENSIONS = YES;
				CLANG_ANALYZER_NONNULL = YES;
				CLANG_ANALYZER_NUMBER_OBJECT_CONVERSION = YES_AGGRESSIVE;
				CLANG_CXX_LANGUAGE_STANDARD = "gnu++20";
				CLANG_ENABLE_MODULES = YES;
				CLANG_ENABLE_OBJC_ARC = YES;
				CLANG_ENABLE_OBJC_WEAK = YES;
				CLANG_WARN_BLOCK_CAPTURE_AUTORELEASING = YES;
				CLANG_WARN_BOOL_CONVERSION = YES;
				CLANG_WARN_COMMA = YES;
				CLANG_WARN_CONSTANT_CONVERSION = YES;
				CLANG_WARN_DEPRECATED_OBJC_IMPLEMENTATIONS = YES;
				CLANG_WARN_DIRECT_OBJC_ISA_USAGE = YES_ERROR;
				CLANG_WARN_DOCUMENTATION_COMMENTS = YES;
				CLANG_WARN_EMPTY_BODY = YES;
				CLANG_WARN_ENUM_CONVERSION = YES;
				CLANG_WARN_INFINITE_RECURSION = YES;
				CLANG_WARN_INT_CONVERSION = YES;
				CLANG_WARN_NON_LITERAL_NULL_CONVERSION = YES;
				CLANG_WARN_OBJC_IMPLICIT_RETAIN_SELF = YES;
				CLANG_WARN_OBJC_LITERAL_CONVERSION = YES;
				CLANG_WARN_OBJC_ROOT_CLASS = YES_ERROR;
				CLANG_WARN_QUOTED_INCLUDE_IN_FRAMEWORK_HEADER = YES;
				CLANG_WARN_RANGE_LOOP_ANALYSIS = YES;
				CLANG_WARN_STRICT_PROTOTYPES = YES;
				CLANG_WARN_SUSPICIOUS_MOVE = YES;
				CLANG_WARN_UNGUARDED_AVAILABILITY = YES_AGGRESSIVE;
				CLANG_WARN_UNREACHABLE_CODE = YES;
				CLANG_WARN__DUPLICATE_METHOD_MATCH = YES;
				COPY_PHASE_STRIP = NO;
				DEBUG_INFORMATION_FORMAT = dwarf;
				ENABLE_STRICT_OBJC_MSGSEND = YES;
				ENABLE_TESTABILITY = YES;
				ENABLE_USER_SCRIPT_SANDBOXING = YES;
				GCC_C_LANGUAGE_STANDARD = gnu17;
				GCC_DYNAMIC_NO_PIC = NO;
				GCC_NO_COMMON_BLOCKS = YES;
				GCC_OPTIMIZATION_LEVEL = 0;
				GCC_PREPROCESSOR_DEFINITIONS = (
					"DEBUG=1",
					"$(inherited)",
				);
				GCC_WARN_64_TO_32_BIT_CONVERSION = YES;
				GCC_WARN_ABOUT_RETURN_TYPE = YES_ERROR;
				GCC_WARN_UNDECLARED_SELECTOR = YES;
				GCC_WARN_UNINITIALIZED_AUTOS = YES_AGGRESSIVE;
				GCC_WARN_UNUSED_FUNCTION = YES;
				GCC_WARN_UNUSED_VARIABLE = YES;
				IPHONEOS_DEPLOYMENT_TARGET = 17.4;
				LOCALIZATION_PREFERS_STRING_CATALOGS = YES;
				MTL_ENABLE_DEBUG_INFO = INCLUDE_SOURCE;
				MTL_FAST_MATH = YES;
				ONLY_ACTIVE_ARCH = YES;
				SDKROOT = iphoneos;
				SWIFT_ACTIVE_COMPILATION_CONDITIONS = "DEBUG $(inherited)";
				SWIFT_OPTIMIZATION_LEVEL = "-Onone";
			};
			name = Debug;
		};
		016B9C572C16EBBF009D2996 /* Release */ = {
			isa = XCBuildConfiguration;
			buildSettings = {
				ALWAYS_SEARCH_USER_PATHS = NO;
				ASSETCATALOG_COMPILER_GENERATE_SWIFT_ASSET_SYMBOL_EXTENSIONS = YES;
				CLANG_ANALYZER_NONNULL = YES;
				CLANG_ANALYZER_NUMBER_OBJECT_CONVERSION = YES_AGGRESSIVE;
				CLANG_CXX_LANGUAGE_STANDARD = "gnu++20";
				CLANG_ENABLE_MODULES = YES;
				CLANG_ENABLE_OBJC_ARC = YES;
				CLANG_ENABLE_OBJC_WEAK = YES;
				CLANG_WARN_BLOCK_CAPTURE_AUTORELEASING = YES;
				CLANG_WARN_BOOL_CONVERSION = YES;
				CLANG_WARN_COMMA = YES;
				CLANG_WARN_CONSTANT_CONVERSION = YES;
				CLANG_WARN_DEPRECATED_OBJC_IMPLEMENTATIONS = YES;
				CLANG_WARN_DIRECT_OBJC_ISA_USAGE = YES_ERROR;
				CLANG_WARN_DOCUMENTATION_COMMENTS = YES;
				CLANG_WARN_EMPTY_BODY = YES;
				CLANG_WARN_ENUM_CONVERSION = YES;
				CLANG_WARN_INFINITE_RECURSION = YES;
				CLANG_WARN_INT_CONVERSION = YES;
				CLANG_WARN_NON_LITERAL_NULL_CONVERSION = YES;
				CLANG_WARN_OBJC_IMPLICIT_RETAIN_SELF = YES;
				CLANG_WARN_OBJC_LITERAL_CONVERSION = YES;
				CLANG_WARN_OBJC_ROOT_CLASS = YES_ERROR;
				CLANG_WARN_QUOTED_INCLUDE_IN_FRAMEWORK_HEADER = YES;
				CLANG_WARN_RANGE_LOOP_ANALYSIS = YES;
				CLANG_WARN_STRICT_PROTOTYPES = YES;
				CLANG_WARN_SUSPICIOUS_MOVE = YES;
				CLANG_WARN_UNGUARDED_AVAILABILITY = YES_AGGRESSIVE;
				CLANG_WARN_UNREACHABLE_CODE = YES;
				CLANG_WARN__DUPLICATE_METHOD_MATCH = YES;
				COPY_PHASE_STRIP = NO;
				DEBUG_INFORMATION_FORMAT = "dwarf-with-dsym";
				ENABLE_NS_ASSERTIONS = NO;
				ENABLE_STRICT_OBJC_MSGSEND = YES;
				ENABLE_USER_SCRIPT_SANDBOXING = YES;
				GCC_C_LANGUAGE_STANDARD = gnu17;
				GCC_NO_COMMON_BLOCKS = YES;
				GCC_WARN_64_TO_32_BIT_CONVERSION = YES;
				GCC_WARN_ABOUT_RETURN_TYPE = YES_ERROR;
				GCC_WARN_UNDECLARED_SELECTOR = YES;
				GCC_WARN_UNINITIALIZED_AUTOS = YES_AGGRESSIVE;
				GCC_WARN_UNUSED_FUNCTION = YES;
				GCC_WARN_UNUSED_VARIABLE = YES;
				IPHONEOS_DEPLOYMENT_TARGET = 17.4;
				LOCALIZATION_PREFERS_STRING_CATALOGS = YES;
				MTL_ENABLE_DEBUG_INFO = NO;
				MTL_FAST_MATH = YES;
				SDKROOT = iphoneos;
				SWIFT_COMPILATION_MODE = wholemodule;
				VALIDATE_PRODUCT = YES;
			};
			name = Release;
		};
		016B9C592C16EBBF009D2996 /* Debug */ = {
			isa = XCBuildConfiguration;
			buildSettings = {
				ASSETCATALOG_COMPILER_APPICON_NAME = AppIcon;
				ASSETCATALOG_COMPILER_GLOBAL_ACCENT_COLOR_NAME = AccentColor;
				CODE_SIGN_STYLE = Automatic;
				CURRENT_PROJECT_VERSION = 1;
				DEVELOPMENT_TEAM = 7S6PH8TVFD;
				GENERATE_INFOPLIST_FILE = YES;
				INFOPLIST_FILE = MediaProject/Info.plist;
				INFOPLIST_KEY_UIApplicationSupportsIndirectInputEvents = YES;
				INFOPLIST_KEY_UILaunchStoryboardName = LaunchScreen;
				INFOPLIST_KEY_UISupportedInterfaceOrientations = UIInterfaceOrientationPortrait;
				INFOPLIST_KEY_UISupportedInterfaceOrientations_iPad = "UIInterfaceOrientationLandscapeLeft UIInterfaceOrientationLandscapeRight UIInterfaceOrientationPortrait UIInterfaceOrientationPortraitUpsideDown";
				IPHONEOS_DEPLOYMENT_TARGET = 15.0;
				LD_RUNPATH_SEARCH_PATHS = (
					"$(inherited)",
					"@executable_path/Frameworks",
				);
				MARKETING_VERSION = 1.0;
				PRODUCT_BUNDLE_IDENTIFIER = com.seokho.MediaProject;
				PRODUCT_NAME = "$(TARGET_NAME)";
				SUPPORTED_PLATFORMS = "iphoneos iphonesimulator";
				SUPPORTS_MACCATALYST = NO;
				SUPPORTS_MAC_DESIGNED_FOR_IPHONE_IPAD = NO;
				SUPPORTS_XR_DESIGNED_FOR_IPHONE_IPAD = NO;
				SWIFT_EMIT_LOC_STRINGS = YES;
				SWIFT_VERSION = 5.0;
				TARGETED_DEVICE_FAMILY = 1;
			};
			name = Debug;
		};
		016B9C5A2C16EBBF009D2996 /* Release */ = {
			isa = XCBuildConfiguration;
			buildSettings = {
				ASSETCATALOG_COMPILER_APPICON_NAME = AppIcon;
				ASSETCATALOG_COMPILER_GLOBAL_ACCENT_COLOR_NAME = AccentColor;
				CODE_SIGN_STYLE = Automatic;
				CURRENT_PROJECT_VERSION = 1;
				DEVELOPMENT_TEAM = 7S6PH8TVFD;
				GENERATE_INFOPLIST_FILE = YES;
				INFOPLIST_FILE = MediaProject/Info.plist;
				INFOPLIST_KEY_UIApplicationSupportsIndirectInputEvents = YES;
				INFOPLIST_KEY_UILaunchStoryboardName = LaunchScreen;
				INFOPLIST_KEY_UISupportedInterfaceOrientations = UIInterfaceOrientationPortrait;
				INFOPLIST_KEY_UISupportedInterfaceOrientations_iPad = "UIInterfaceOrientationLandscapeLeft UIInterfaceOrientationLandscapeRight UIInterfaceOrientationPortrait UIInterfaceOrientationPortraitUpsideDown";
				IPHONEOS_DEPLOYMENT_TARGET = 15.0;
				LD_RUNPATH_SEARCH_PATHS = (
					"$(inherited)",
					"@executable_path/Frameworks",
				);
				MARKETING_VERSION = 1.0;
				PRODUCT_BUNDLE_IDENTIFIER = com.seokho.MediaProject;
				PRODUCT_NAME = "$(TARGET_NAME)";
				SUPPORTED_PLATFORMS = "iphoneos iphonesimulator";
				SUPPORTS_MACCATALYST = NO;
				SUPPORTS_MAC_DESIGNED_FOR_IPHONE_IPAD = NO;
				SUPPORTS_XR_DESIGNED_FOR_IPHONE_IPAD = NO;
				SWIFT_EMIT_LOC_STRINGS = YES;
				SWIFT_VERSION = 5.0;
				TARGETED_DEVICE_FAMILY = 1;
			};
			name = Release;
		};
/* End XCBuildConfiguration section */

/* Begin XCConfigurationList section */
		016B9C3F2C16EBBD009D2996 /* Build configuration list for PBXProject "MediaProject" */ = {
			isa = XCConfigurationList;
			buildConfigurations = (
				016B9C562C16EBBF009D2996 /* Debug */,
				016B9C572C16EBBF009D2996 /* Release */,
			);
			defaultConfigurationIsVisible = 0;
			defaultConfigurationName = Release;
		};
		016B9C582C16EBBF009D2996 /* Build configuration list for PBXNativeTarget "MediaProject" */ = {
			isa = XCConfigurationList;
			buildConfigurations = (
				016B9C592C16EBBF009D2996 /* Debug */,
				016B9C5A2C16EBBF009D2996 /* Release */,
			);
			defaultConfigurationIsVisible = 0;
			defaultConfigurationName = Release;
		};
/* End XCConfigurationList section */

/* Begin XCRemoteSwiftPackageReference section */
		016B9C5B2C16F000009D2996 /* XCRemoteSwiftPackageReference "SnapKit" */ = {
			isa = XCRemoteSwiftPackageReference;
			repositoryURL = "https://github.com/SnapKit/SnapKit";
			requirement = {
				kind = upToNextMajorVersion;
				minimumVersion = 5.7.1;
			};
		};
		016B9C5E2C16F00B009D2996 /* XCRemoteSwiftPackageReference "Alamofire" */ = {
			isa = XCRemoteSwiftPackageReference;
			repositoryURL = "https://github.com/Alamofire/Alamofire.git";
			requirement = {
				kind = upToNextMajorVersion;
				minimumVersion = 5.9.1;
			};
		};
		016B9C632C1727BD009D2996 /* XCRemoteSwiftPackageReference "SdWebImage" */ = {
			isa = XCRemoteSwiftPackageReference;
			repositoryURL = "https://github.com/SDWebImage/SdWebImage";
			requirement = {
				kind = upToNextMajorVersion;
				minimumVersion = 5.19.3;
			};
		};
		016B9C7D2C186A1A009D2996 /* XCRemoteSwiftPackageReference "Kingfisher" */ = {
			isa = XCRemoteSwiftPackageReference;
			repositoryURL = "https://github.com/onevcat/Kingfisher.git";
			requirement = {
				kind = upToNextMajorVersion;
				minimumVersion = 7.12.0;
			};
		};
/* End XCRemoteSwiftPackageReference section */

/* Begin XCSwiftPackageProductDependency section */
		016B9C5C2C16F000009D2996 /* SnapKit */ = {
			isa = XCSwiftPackageProductDependency;
			package = 016B9C5B2C16F000009D2996 /* XCRemoteSwiftPackageReference "SnapKit" */;
			productName = SnapKit;
		};
		016B9C5F2C16F00B009D2996 /* Alamofire */ = {
			isa = XCSwiftPackageProductDependency;
			package = 016B9C5E2C16F00B009D2996 /* XCRemoteSwiftPackageReference "Alamofire" */;
			productName = Alamofire;
		};
		016B9C642C1727BD009D2996 /* SDWebImage */ = {
			isa = XCSwiftPackageProductDependency;
			package = 016B9C632C1727BD009D2996 /* XCRemoteSwiftPackageReference "SdWebImage" */;
			productName = SDWebImage;
		};
		016B9C7E2C186A1A009D2996 /* Kingfisher */ = {
			isa = XCSwiftPackageProductDependency;
			package = 016B9C7D2C186A1A009D2996 /* XCRemoteSwiftPackageReference "Kingfisher" */;
			productName = Kingfisher;
		};
/* End XCSwiftPackageProductDependency section */
	};
	rootObject = 016B9C3C2C16EBBD009D2996 /* Project object */;
}
